
Microsoft Visual Studio Solution File, Format Version 12.00
# Visual Studio 15
VisualStudioVersion = 15.0.27703.2035
MinimumVisualStudioVersion = 10.0.40219.1
Project("{FAE04EC0-301F-11D3-BF4B-00C04F79EFBC}") = "CodePractice", "CodePractice\CodePractice.csproj", "{045D0982-7EC6-4006-A1A2-21B86C8E171E}"
EndProject
Global
	GlobalSection(SolutionConfigurationPlatforms) = preSolution
		Debug|Any CPU = Debug|Any CPU
		Release|Any CPU = Release|Any CPU
	EndGlobalSection
	GlobalSection(ProjectConfigurationPlatforms) = postSolution
		{045D0982-7EC6-4006-A1A2-21B86C8E171E}.Debug|Any CPU.ActiveCfg = Debug|Any CPU
		{045D0982-7EC6-4006-A1A2-21B86C8E171E}.Debug|Any CPU.Build.0 = Debug|Any CPU
		{045D0982-7EC6-4006-A1A2-21B86C8E171E}.Release|Any CPU.ActiveCfg = Release|Any CPU
		{045D0982-7EC6-4006-A1A2-21B86C8E171E}.Release|Any CPU.Build.0 = Release|Any CPU
	EndGlobalSection
	GlobalSection(SolutionProperties) = preSolution
		HideSolutionNode = FALSE
	EndGlobalSection
	GlobalSection(ExtensibilityGlobals) = postSolution
		SolutionGuid = {5D20ABEA-E357-406B-8B6F-8DF918EBCA56}
	EndGlobalSection
EndGlobal
